
Microsoft Visual Studio Solution File, Format Version 12.00
# Visual Studio 15
Project("{FAE04EC0-301F-11D3-BF4B-00C04F79EFBC}") = "VRLearnToBotesting", "VRLearnToBotesting.csproj", "{C9E1A456-FFD4-945C-5010-05FD7A5E8268}"
EndProject
Project("{FAE04EC0-301F-11D3-BF4B-00C04F79EFBC}") = "Tests", "Tests.csproj", "{09748A2B-3FA4-9575-DD4C-B3D84F403290}"
EndProject
Global
	GlobalSection(SolutionConfigurationPlatforms) = preSolution
		Debug|Any CPU = Debug|Any CPU
		Release|Any CPU = Release|Any CPU
	EndGlobalSection
	GlobalSection(ProjectConfigurationPlatforms) = postSolution
		{C9E1A456-FFD4-945C-5010-05FD7A5E8268}.Debug|Any CPU.ActiveCfg = Debug|Any CPU
		{C9E1A456-FFD4-945C-5010-05FD7A5E8268}.Debug|Any CPU.Build.0 = Debug|Any CPU
		{C9E1A456-FFD4-945C-5010-05FD7A5E8268}.Release|Any CPU.ActiveCfg = Release|Any CPU
		{C9E1A456-FFD4-945C-5010-05FD7A5E8268}.Release|Any CPU.Build.0 = Release|Any CPU
		{09748A2B-3FA4-9575-DD4C-B3D84F403290}.Debug|Any CPU.ActiveCfg = Debug|Any CPU
		{09748A2B-3FA4-9575-DD4C-B3D84F403290}.Debug|Any CPU.Build.0 = Debug|Any CPU
		{09748A2B-3FA4-9575-DD4C-B3D84F403290}.Release|Any CPU.ActiveCfg = Release|Any CPU
		{09748A2B-3FA4-9575-DD4C-B3D84F403290}.Release|Any CPU.Build.0 = Release|Any CPU
	EndGlobalSection
	GlobalSection(SolutionProperties) = preSolution
		HideSolutionNode = FALSE
	EndGlobalSection
EndGlobal
